
Microsoft Visual Studio Solution File, Format Version 12.00
# Visual Studio Version 17
VisualStudioVersion = 17.0.31903.59
MinimumVisualStudioVersion = 10.0.40219.1
Project("{FAE04EC0-301F-11D3-BF4B-00C04F79EFBC}") = "MessageDrop.Web", "MessageDrop.Web\MessageDrop.Web.csproj", "{7683CAF5-B2AF-4599-A5D1-CF9B9A9277B2}"
EndProject
Project("{FAE04EC0-301F-11D3-BF4B-00C04F79EFBC}") = "MessageDrop.API", "MessageDrop.API\MessageDrop.API.csproj", "{041810C2-0B7D-484D-8DF5-D94A0D1C9FE3}"
EndProject
Project("{FAE04EC0-301F-11D3-BF4B-00C04F79EFBC}") = "MessageDrop.Core", "MessageDrop.Core\MessageDrop.Core.csproj", "{BDADDFF1-E430-4BC9-A801-9B26591BF116}"
EndProject
Project("{FAE04EC0-301F-11D3-BF4B-00C04F79EFBC}") = "MessageDrop.EF", "MessageDrop.EF\MessageDrop.EF.csproj", "{960B0215-F9D2-4B1B-B194-574D49ACB5C6}"
EndProject
Global
	GlobalSection(SolutionConfigurationPlatforms) = preSolution
		Debug|Any CPU = Debug|Any CPU
		Release|Any CPU = Release|Any CPU
	EndGlobalSection
	GlobalSection(ProjectConfigurationPlatforms) = postSolution
		{7683CAF5-B2AF-4599-A5D1-CF9B9A9277B2}.Debug|Any CPU.ActiveCfg = Debug|Any CPU
		{7683CAF5-B2AF-4599-A5D1-CF9B9A9277B2}.Debug|Any CPU.Build.0 = Debug|Any CPU
		{7683CAF5-B2AF-4599-A5D1-CF9B9A9277B2}.Release|Any CPU.ActiveCfg = Release|Any CPU
		{7683CAF5-B2AF-4599-A5D1-CF9B9A9277B2}.Release|Any CPU.Build.0 = Release|Any CPU
		{041810C2-0B7D-484D-8DF5-D94A0D1C9FE3}.Debug|Any CPU.ActiveCfg = Debug|Any CPU
		{041810C2-0B7D-484D-8DF5-D94A0D1C9FE3}.Debug|Any CPU.Build.0 = Debug|Any CPU
		{041810C2-0B7D-484D-8DF5-D94A0D1C9FE3}.Release|Any CPU.ActiveCfg = Release|Any CPU
		{041810C2-0B7D-484D-8DF5-D94A0D1C9FE3}.Release|Any CPU.Build.0 = Release|Any CPU
		{BDADDFF1-E430-4BC9-A801-9B26591BF116}.Debug|Any CPU.ActiveCfg = Debug|Any CPU
		{BDADDFF1-E430-4BC9-A801-9B26591BF116}.Debug|Any CPU.Build.0 = Debug|Any CPU
		{BDADDFF1-E430-4BC9-A801-9B26591BF116}.Release|Any CPU.ActiveCfg = Release|Any CPU
		{BDADDFF1-E430-4BC9-A801-9B26591BF116}.Release|Any CPU.Build.0 = Release|Any CPU
		{960B0215-F9D2-4B1B-B194-574D49ACB5C6}.Debug|Any CPU.ActiveCfg = Debug|Any CPU
		{960B0215-F9D2-4B1B-B194-574D49ACB5C6}.Debug|Any CPU.Build.0 = Debug|Any CPU
		{960B0215-F9D2-4B1B-B194-574D49ACB5C6}.Release|Any CPU.ActiveCfg = Release|Any CPU
		{960B0215-F9D2-4B1B-B194-574D49ACB5C6}.Release|Any CPU.Build.0 = Release|Any CPU
	EndGlobalSection
	GlobalSection(SolutionProperties) = preSolution
		HideSolutionNode = FALSE
	EndGlobalSection
	GlobalSection(ExtensibilityGlobals) = postSolution
		SolutionGuid = {D356DB5E-6247-4928-B7B7-6379547A5A48}
	EndGlobalSection
EndGlobal
